Microsoft Visual Studio Solution File, Format Version 12.00
# Visual Studio 15
VisualStudioVersion = 15.0.26114.2
MinimumVisualStudioVersion = 10.0.40219.1
Project("{9A19103F-16F7-4668-BE54-9A1E7A4F7556}") = "DayPrinter", "DayPrinter\DayPrinter.csproj", "{B3E76AAA-3BE8-49C7-A831-64EF68C6F28D}"
EndProject
Project("{9A19103F-16F7-4668-BE54-9A1E7A4F7556}") = "ElseIf", "ElseIf\ElseIf.csproj", "{C7008ACC-EE4B-49CC-B7FB-5F9F95E257A9}"
EndProject
Project("{9A19103F-16F7-4668-BE54-9A1E7A4F7556}") = "TempConv", "TempConv\TempConv.csproj", "{6D18F93D-E26F-4FF4-ABF2-1450FD9FB19D}"
EndProject
Project("{9A19103F-16F7-4668-BE54-9A1E7A4F7556}") = "HelloMethods", "HelloMethods\HelloMethods.csproj", "{9B69E0D2-FBD5-4FB4-9D40-768AE4F57300}"
EndProject
Project("{9A19103F-16F7-4668-BE54-9A1E7A4F7556}") = "Gradebook", "Gradebook\Gradebook.csproj", "{9E08496B-2501-4CBF-844F-8FD7BA97F4E6}"
EndProject
Project("{9A19103F-16F7-4668-BE54-9A1E7A4F7556}") = "GradebookDict", "GradebookDict\GradebookDict.csproj", "{EFCB1B91-2E92-478F-BFF7-013FF6911DCC}"
EndProject
Project("{9A19103F-16F7-4668-BE54-9A1E7A4F7556}") = "GradebookArray", "GradebookArray\GradebookArray.csproj", "{89051A0E-8D18-48C3-B4E6-D05F62D252CE}"
EndProject
Project("{9A19103F-16F7-4668-BE54-9A1E7A4F7556}") = "AreaOfCircle", "AreaOfCircle\AreaOfCircle.csproj", "{4D9A829F-6F3A-4D2A-9DC3-BB8149D3D727}"
EndProject
Project("{9A19103F-16F7-4668-BE54-9A1E7A4F7556}") = "AreaOfRectangle", "AreaOfRectangle\AreaOfRectangle.csproj", "{5F0EA6CA-8903-409B-926B-293A361B75A4}"
EndProject
Project("{9A19103F-16F7-4668-BE54-9A1E7A4F7556}") = "CountingCharacters", "CountingCharacters\CountingCharacters.csproj", "{DE143609-AB1B-4D4A-9BC1-D0DA99E90A03}"
EndProject
Project("{9A19103F-16F7-4668-BE54-9A1E7A4F7556}") = "HelloName", "HelloName\HelloName.csproj", "{96EFAAF8-7063-4ACD-A27D-98F69E7A651B}"
EndProject
Project("{9A19103F-16F7-4668-BE54-9A1E7A4F7556}") = "MPGCalculator", "MPGCalculator\MPGCalculator.csproj", "{D2A0A4B7-AE3E-4CAD-A759-5DFC89BF3E82}"
EndProject
Project("{9A19103F-16F7-4668-BE54-9A1E7A4F7556}") = "StringSearch", "StringSearch\StringSearch.csproj", "{A7124686-506C-46DD-B34E-CE0EF80D7A7F}"
EndProject
Project("{9A19103F-16F7-4668-BE54-9A1E7A4F7556}") = "WorkingWithStrings", "WorkingWithStrings\WorkingWithStrings.csproj", "{D2F379DC-0FC8-4657-B5BC-5227A7A361F4}"
EndProject
Project("{9A19103F-16F7-4668-BE54-9A1E7A4F7556}") = "MethodPractice", "MethodPractice\MethodPractice.csproj", "{2671C780-536C-4766-B136-17C265A5322B}"
EndProject
Project("{9A19103F-16F7-4668-BE54-9A1E7A4F7556}") = "Class2PracticeProblems", "AddingNumbers\Class2PracticeProblems.csproj", "{9ADC7BFE-517D-44F1-9F00-CE6B32B0AC05}"
EndProject
Project("{9A19103F-16F7-4668-BE54-9A1E7A4F7556}") = "SimpleClasses", "SimpleClasses\SimpleClasses.csproj", "{1814398C-0BA7-4F51-9C8F-42112711E87C}"
EndProject
Project("{9A19103F-16F7-4668-BE54-9A1E7A4F7556}") = "ObjectLifetime", "ObjectLifetime\ObjectLifetime.csproj", "{490EBDDF-5390-4379-BA58-6D31499168B8}"
EndProject
Project("{9A19103F-16F7-4668-BE54-9A1E7A4F7556}") = "School", "School\School.csproj", "{BC27191E-B0E8-4B0E-B520-F895E0D24E78}"
EndProject
Project("{FAE04EC0-301F-11D3-BF4B-00C04F79EFBC}") = "UdemyHelloWorld", "UdemyHelloWorld\UdemyHelloWorld.csproj", "{6E610B2C-04BC-4DE0-963C-05C336000313}"
EndProject
Project("{FAE04EC0-301F-11D3-BF4B-00C04F79EFBC}") = "AddingEvenNumbers", "AddingEvenNumbers\AddingEvenNumbers.csproj", "{3E503E98-EAF5-4D91-AA0A-1C792C390BC8}"
EndProject
Project("{FAE04EC0-301F-11D3-BF4B-00C04F79EFBC}") = "UdemyPractice", "UdemyClassPractice\UdemyPractice.csproj", "{373EC306-0981-43F5-837B-944A583D8E1F}"
EndProject
Project("{FAE04EC0-301F-11D3-BF4B-00C04F79EFBC}") = "UdemyConditionalPractice", "UdemyConditionalPractice\UdemyConditionalPractice.csproj", "{0F277AAF-CC20-4C5D-A737-54A3FC290EA8}"
EndProject
Project("{FAE04EC0-301F-11D3-BF4B-00C04F79EFBC}") = "UdemyExercise1", "UdemyExercise1\UdemyExercise1.csproj", "{DD57B986-BC7C-48EB-9870-47177FEB2142}"
EndProject
Project("{FAE04EC0-301F-11D3-BF4B-00C04F79EFBC}") = "UdemyExercise2", "UdemyExercise2\UdemyExercise2.csproj", "{9170BE83-997F-455F-BB6A-6FE6B0771212}"
EndProject
Project("{FAE04EC0-301F-11D3-BF4B-00C04F79EFBC}") = "UdemyExercise3", "UdemyExercise3\UdemyExercise3.csproj", "{65F91945-7D93-4F93-BF5B-C214977B31BB}"
EndProject
Project("{FAE04EC0-301F-11D3-BF4B-00C04F79EFBC}") = "UdemyExercise4", "UdemyExercise4\UdemyExercise4.csproj", "{D906685B-D8F2-4624-8238-9135E958DF84}"
EndProject
Project("{FAE04EC0-301F-11D3-BF4B-00C04F79EFBC}") = "UdemyIterationPractice", "UdemyIterationPractice\UdemyIterationPractice.csproj", "{E2FA14D8-13BE-4AE6-8FC0-C66E8D89FFF7}"
EndProject
Project("{FAE04EC0-301F-11D3-BF4B-00C04F79EFBC}") = "UdemyRandomClassPractice", "UdemyRandomClassPractice\UdemyRandomClassPractice.csproj", "{32DF8BA5-285D-4B36-BDAE-F7080B602052}"
EndProject
Global
	GlobalSection(SolutionConfigurationPlatforms) = preSolution
		Debug|Any CPU = Debug|Any CPU
		Release|Any CPU = Release|Any CPU
	EndGlobalSection
	GlobalSection(ProjectConfigurationPlatforms) = postSolution
		{B3E76AAA-3BE8-49C7-A831-64EF68C6F28D}.Debug|Any CPU.ActiveCfg = Debug|Any CPU
		{B3E76AAA-3BE8-49C7-A831-64EF68C6F28D}.Debug|Any CPU.Build.0 = Debug|Any CPU
		{B3E76AAA-3BE8-49C7-A831-64EF68C6F28D}.Release|Any CPU.ActiveCfg = Release|Any CPU
		{B3E76AAA-3BE8-49C7-A831-64EF68C6F28D}.Release|Any CPU.Build.0 = Release|Any CPU
		{C7008ACC-EE4B-49CC-B7FB-5F9F95E257A9}.Debug|Any CPU.ActiveCfg = Debug|Any CPU
		{C7008ACC-EE4B-49CC-B7FB-5F9F95E257A9}.Debug|Any CPU.Build.0 = Debug|Any CPU
		{C7008ACC-EE4B-49CC-B7FB-5F9F95E257A9}.Release|Any CPU.ActiveCfg = Release|Any CPU
		{C7008ACC-EE4B-49CC-B7FB-5F9F95E257A9}.Release|Any CPU.Build.0 = Release|Any CPU
		{6D18F93D-E26F-4FF4-ABF2-1450FD9FB19D}.Debug|Any CPU.ActiveCfg = Debug|Any CPU
		{6D18F93D-E26F-4FF4-ABF2-1450FD9FB19D}.Debug|Any CPU.Build.0 = Debug|Any CPU
		{6D18F93D-E26F-4FF4-ABF2-1450FD9FB19D}.Release|Any CPU.ActiveCfg = Release|Any CPU
		{6D18F93D-E26F-4FF4-ABF2-1450FD9FB19D}.Release|Any CPU.Build.0 = Release|Any CPU
		{9B69E0D2-FBD5-4FB4-9D40-768AE4F57300}.Debug|Any CPU.ActiveCfg = Debug|Any CPU
		{9B69E0D2-FBD5-4FB4-9D40-768AE4F57300}.Debug|Any CPU.Build.0 = Debug|Any CPU
		{9B69E0D2-FBD5-4FB4-9D40-768AE4F57300}.Release|Any CPU.ActiveCfg = Release|Any CPU
		{9B69E0D2-FBD5-4FB4-9D40-768AE4F57300}.Release|Any CPU.Build.0 = Release|Any CPU
		{9E08496B-2501-4CBF-844F-8FD7BA97F4E6}.Debug|Any CPU.ActiveCfg = Debug|Any CPU
		{9E08496B-2501-4CBF-844F-8FD7BA97F4E6}.Debug|Any CPU.Build.0 = Debug|Any CPU
		{9E08496B-2501-4CBF-844F-8FD7BA97F4E6}.Release|Any CPU.ActiveCfg = Release|Any CPU
		{9E08496B-2501-4CBF-844F-8FD7BA97F4E6}.Release|Any CPU.Build.0 = Release|Any CPU
		{EFCB1B91-2E92-478F-BFF7-013FF6911DCC}.Debug|Any CPU.ActiveCfg = Debug|Any CPU
		{EFCB1B91-2E92-478F-BFF7-013FF6911DCC}.Debug|Any CPU.Build.0 = Debug|Any CPU
		{EFCB1B91-2E92-478F-BFF7-013FF6911DCC}.Release|Any CPU.ActiveCfg = Release|Any CPU
		{EFCB1B91-2E92-478F-BFF7-013FF6911DCC}.Release|Any CPU.Build.0 = Release|Any CPU
		{89051A0E-8D18-48C3-B4E6-D05F62D252CE}.Debug|Any CPU.ActiveCfg = Debug|Any CPU
		{89051A0E-8D18-48C3-B4E6-D05F62D252CE}.Debug|Any CPU.Build.0 = Debug|Any CPU
		{89051A0E-8D18-48C3-B4E6-D05F62D252CE}.Release|Any CPU.ActiveCfg = Release|Any CPU
		{89051A0E-8D18-48C3-B4E6-D05F62D252CE}.Release|Any CPU.Build.0 = Release|Any CPU
		{4D9A829F-6F3A-4D2A-9DC3-BB8149D3D727}.Debug|Any CPU.ActiveCfg = Debug|Any CPU
		{4D9A829F-6F3A-4D2A-9DC3-BB8149D3D727}.Debug|Any CPU.Build.0 = Debug|Any CPU
		{4D9A829F-6F3A-4D2A-9DC3-BB8149D3D727}.Release|Any CPU.ActiveCfg = Release|Any CPU
		{4D9A829F-6F3A-4D2A-9DC3-BB8149D3D727}.Release|Any CPU.Build.0 = Release|Any CPU
		{5F0EA6CA-8903-409B-926B-293A361B75A4}.Debug|Any CPU.ActiveCfg = Debug|Any CPU
		{5F0EA6CA-8903-409B-926B-293A361B75A4}.Debug|Any CPU.Build.0 = Debug|Any CPU
		{5F0EA6CA-8903-409B-926B-293A361B75A4}.Release|Any CPU.ActiveCfg = Release|Any CPU
		{5F0EA6CA-8903-409B-926B-293A361B75A4}.Release|Any CPU.Build.0 = Release|Any CPU
		{DE143609-AB1B-4D4A-9BC1-D0DA99E90A03}.Debug|Any CPU.ActiveCfg = Debug|Any CPU
		{DE143609-AB1B-4D4A-9BC1-D0DA99E90A03}.Debug|Any CPU.Build.0 = Debug|Any CPU
		{DE143609-AB1B-4D4A-9BC1-D0DA99E90A03}.Release|Any CPU.ActiveCfg = Release|Any CPU
		{DE143609-AB1B-4D4A-9BC1-D0DA99E90A03}.Release|Any CPU.Build.0 = Release|Any CPU
		{96EFAAF8-7063-4ACD-A27D-98F69E7A651B}.Debug|Any CPU.ActiveCfg = Debug|Any CPU
		{96EFAAF8-7063-4ACD-A27D-98F69E7A651B}.Debug|Any CPU.Build.0 = Debug|Any CPU
		{96EFAAF8-7063-4ACD-A27D-98F69E7A651B}.Release|Any CPU.ActiveCfg = Release|Any CPU
		{96EFAAF8-7063-4ACD-A27D-98F69E7A651B}.Release|Any CPU.Build.0 = Release|Any CPU
		{D2A0A4B7-AE3E-4CAD-A759-5DFC89BF3E82}.Debug|Any CPU.ActiveCfg = Debug|Any CPU
		{D2A0A4B7-AE3E-4CAD-A759-5DFC89BF3E82}.Debug|Any CPU.Build.0 = Debug|Any CPU
		{D2A0A4B7-AE3E-4CAD-A759-5DFC89BF3E82}.Release|Any CPU.ActiveCfg = Release|Any CPU
		{D2A0A4B7-AE3E-4CAD-A759-5DFC89BF3E82}.Release|Any CPU.Build.0 = Release|Any CPU
		{A7124686-506C-46DD-B34E-CE0EF80D7A7F}.Debug|Any CPU.ActiveCfg = Debug|Any CPU
		{A7124686-506C-46DD-B34E-CE0EF80D7A7F}.Debug|Any CPU.Build.0 = Debug|Any CPU
		{A7124686-506C-46DD-B34E-CE0EF80D7A7F}.Release|Any CPU.ActiveCfg = Release|Any CPU
		{A7124686-506C-46DD-B34E-CE0EF80D7A7F}.Release|Any CPU.Build.0 = Release|Any CPU
		{D2F379DC-0FC8-4657-B5BC-5227A7A361F4}.Debug|Any CPU.ActiveCfg = Debug|Any CPU
		{D2F379DC-0FC8-4657-B5BC-5227A7A361F4}.Debug|Any CPU.Build.0 = Debug|Any CPU
		{D2F379DC-0FC8-4657-B5BC-5227A7A361F4}.Release|Any CPU.ActiveCfg = Release|Any CPU
		{D2F379DC-0FC8-4657-B5BC-5227A7A361F4}.Release|Any CPU.Build.0 = Release|Any CPU
		{2671C780-536C-4766-B136-17C265A5322B}.Debug|Any CPU.ActiveCfg = Debug|Any CPU
		{2671C780-536C-4766-B136-17C265A5322B}.Debug|Any CPU.Build.0 = Debug|Any CPU
		{2671C780-536C-4766-B136-17C265A5322B}.Release|Any CPU.ActiveCfg = Release|Any CPU
		{2671C780-536C-4766-B136-17C265A5322B}.Release|Any CPU.Build.0 = Release|Any CPU
		{9ADC7BFE-517D-44F1-9F00-CE6B32B0AC05}.Debug|Any CPU.ActiveCfg = Debug|Any CPU
		{9ADC7BFE-517D-44F1-9F00-CE6B32B0AC05}.Debug|Any CPU.Build.0 = Debug|Any CPU
		{9ADC7BFE-517D-44F1-9F00-CE6B32B0AC05}.Release|Any CPU.ActiveCfg = Release|Any CPU
		{9ADC7BFE-517D-44F1-9F00-CE6B32B0AC05}.Release|Any CPU.Build.0 = Release|Any CPU
		{1814398C-0BA7-4F51-9C8F-42112711E87C}.Debug|Any CPU.ActiveCfg = Debug|Any CPU
		{1814398C-0BA7-4F51-9C8F-42112711E87C}.Debug|Any CPU.Build.0 = Debug|Any CPU
		{1814398C-0BA7-4F51-9C8F-42112711E87C}.Release|Any CPU.ActiveCfg = Release|Any CPU
		{1814398C-0BA7-4F51-9C8F-42112711E87C}.Release|Any CPU.Build.0 = Release|Any CPU
		{490EBDDF-5390-4379-BA58-6D31499168B8}.Debug|Any CPU.ActiveCfg = Debug|Any CPU
		{490EBDDF-5390-4379-BA58-6D31499168B8}.Debug|Any CPU.Build.0 = Debug|Any CPU
		{490EBDDF-5390-4379-BA58-6D31499168B8}.Release|Any CPU.ActiveCfg = Release|Any CPU
		{490EBDDF-5390-4379-BA58-6D31499168B8}.Release|Any CPU.Build.0 = Release|Any CPU
		{BC27191E-B0E8-4B0E-B520-F895E0D24E78}.Debug|Any CPU.ActiveCfg = Debug|Any CPU
		{BC27191E-B0E8-4B0E-B520-F895E0D24E78}.Debug|Any CPU.Build.0 = Debug|Any CPU
		{BC27191E-B0E8-4B0E-B520-F895E0D24E78}.Release|Any CPU.ActiveCfg = Release|Any CPU
		{BC27191E-B0E8-4B0E-B520-F895E0D24E78}.Release|Any CPU.Build.0 = Release|Any CPU
		{6E610B2C-04BC-4DE0-963C-05C336000313}.Debug|Any CPU.ActiveCfg = Debug|Any CPU
		{6E610B2C-04BC-4DE0-963C-05C336000313}.Debug|Any CPU.Build.0 = Debug|Any CPU
		{6E610B2C-04BC-4DE0-963C-05C336000313}.Release|Any CPU.ActiveCfg = Release|Any CPU
		{6E610B2C-04BC-4DE0-963C-05C336000313}.Release|Any CPU.Build.0 = Release|Any CPU
		{3E503E98-EAF5-4D91-AA0A-1C792C390BC8}.Debug|Any CPU.ActiveCfg = Debug|Any CPU
		{3E503E98-EAF5-4D91-AA0A-1C792C390BC8}.Debug|Any CPU.Build.0 = Debug|Any CPU
		{3E503E98-EAF5-4D91-AA0A-1C792C390BC8}.Release|Any CPU.ActiveCfg = Release|Any CPU
		{3E503E98-EAF5-4D91-AA0A-1C792C390BC8}.Release|Any CPU.Build.0 = Release|Any CPU
		{373EC306-0981-43F5-837B-944A583D8E1F}.Debug|Any CPU.ActiveCfg = Debug|Any CPU
		{373EC306-0981-43F5-837B-944A583D8E1F}.Debug|Any CPU.Build.0 = Debug|Any CPU
		{373EC306-0981-43F5-837B-944A583D8E1F}.Release|Any CPU.ActiveCfg = Release|Any CPU
		{373EC306-0981-43F5-837B-944A583D8E1F}.Release|Any CPU.Build.0 = Release|Any CPU
		{0F277AAF-CC20-4C5D-A737-54A3FC290EA8}.Debug|Any CPU.ActiveCfg = Debug|Any CPU
		{0F277AAF-CC20-4C5D-A737-54A3FC290EA8}.Debug|Any CPU.Build.0 = Debug|Any CPU
		{0F277AAF-CC20-4C5D-A737-54A3FC290EA8}.Release|Any CPU.ActiveCfg = Release|Any CPU
		{0F277AAF-CC20-4C5D-A737-54A3FC290EA8}.Release|Any CPU.Build.0 = Release|Any CPU
		{DD57B986-BC7C-48EB-9870-47177FEB2142}.Debug|Any CPU.ActiveCfg = Debug|Any CPU
		{DD57B986-BC7C-48EB-9870-47177FEB2142}.Debug|Any CPU.Build.0 = Debug|Any CPU
		{DD57B986-BC7C-48EB-9870-47177FEB2142}.Release|Any CPU.ActiveCfg = Release|Any CPU
		{DD57B986-BC7C-48EB-9870-47177FEB2142}.Release|Any CPU.Build.0 = Release|Any CPU
		{9170BE83-997F-455F-BB6A-6FE6B0771212}.Debug|Any CPU.ActiveCfg = Debug|Any CPU
		{9170BE83-997F-455F-BB6A-6FE6B0771212}.Debug|Any CPU.Build.0 = Debug|Any CPU
		{9170BE83-997F-455F-BB6A-6FE6B0771212}.Release|Any CPU.ActiveCfg = Release|Any CPU
		{9170BE83-997F-455F-BB6A-6FE6B0771212}.Release|Any CPU.Build.0 = Release|Any CPU
		{65F91945-7D93-4F93-BF5B-C214977B31BB}.Debug|Any CPU.ActiveCfg = Debug|Any CPU
		{65F91945-7D93-4F93-BF5B-C214977B31BB}.Debug|Any CPU.Build.0 = Debug|Any CPU
		{65F91945-7D93-4F93-BF5B-C214977B31BB}.Release|Any CPU.ActiveCfg = Release|Any CPU
		{65F91945-7D93-4F93-BF5B-C214977B31BB}.Release|Any CPU.Build.0 = Release|Any CPU
		{D906685B-D8F2-4624-8238-9135E958DF84}.Debug|Any CPU.ActiveCfg = Debug|Any CPU
		{D906685B-D8F2-4624-8238-9135E958DF84}.Debug|Any CPU.Build.0 = Debug|Any CPU
		{D906685B-D8F2-4624-8238-9135E958DF84}.Release|Any CPU.ActiveCfg = Release|Any CPU
		{D906685B-D8F2-4624-8238-9135E958DF84}.Release|Any CPU.Build.0 = Release|Any CPU
		{E2FA14D8-13BE-4AE6-8FC0-C66E8D89FFF7}.Debug|Any CPU.ActiveCfg = Debug|Any CPU
		{E2FA14D8-13BE-4AE6-8FC0-C66E8D89FFF7}.Debug|Any CPU.Build.0 = Debug|Any CPU
		{E2FA14D8-13BE-4AE6-8FC0-C66E8D89FFF7}.Release|Any CPU.ActiveCfg = Release|Any CPU
		{E2FA14D8-13BE-4AE6-8FC0-C66E8D89FFF7}.Release|Any CPU.Build.0 = Release|Any CPU
		{32DF8BA5-285D-4B36-BDAE-F7080B602052}.Debug|Any CPU.ActiveCfg = Debug|Any CPU
		{32DF8BA5-285D-4B36-BDAE-F7080B602052}.Debug|Any CPU.Build.0 = Debug|Any CPU
		{32DF8BA5-285D-4B36-BDAE-F7080B602052}.Release|Any CPU.ActiveCfg = Release|Any CPU
		{32DF8BA5-285D-4B36-BDAE-F7080B602052}.Release|Any CPU.Build.0 = Release|Any CPU
	EndGlobalSection
	GlobalSection(SolutionProperties) = preSolution
		HideSolutionNode = FALSE
	EndGlobalSection
	GlobalSection(ExtensibilityGlobals) = postSolution
		SolutionGuid = {7EEF5F83-9A38-42F8-B5CC-6C3FE90BE1F8}
	EndGlobalSection
EndGlobal
